
Microsoft Visual Studio Solution File, Format Version 12.00
# Visual Studio Version 16
VisualStudioVersion = 16.0.31313.79
MinimumVisualStudioVersion = 15.0.26124.0
Project("{9A19103F-16F7-4668-BE54-9A1E7A4F7556}") = "Ekona", "Ekona\Ekona.csproj", "{2E92C69F-6D59-4430-A017-E4A6E8B916E4}"
EndProject
Project("{9A19103F-16F7-4668-BE54-9A1E7A4F7556}") = "Ekona.Tests", "Ekona.Tests\Ekona.Tests.csproj", "{487D33E4-F410-49A5-832B-986DF19E1A91}"
EndProject
Project("{2150E333-8FDC-42A3-9474-1A3956D46DE8}") = "Solution Items", "Solution Items", "{105F9DFE-4DDF-436A-BF87-106E3676759D}"
	ProjectSection(SolutionItems) = preProject
		.editorconfig = .editorconfig
		..\build.cake = ..\build.cake
		Directory.Build.props = Directory.Build.props
		Directory.Packages.props = Directory.Packages.props
	EndProjectSection
EndProject
Project("{FAE04EC0-301F-11D3-BF4B-00C04F79EFBC}") = "Ekona.PerformanceTests", "Ekona.PerformanceTests\Ekona.PerformanceTests.csproj", "{5808F29C-C802-4728-99A5-E1F299178002}"
EndProject
Global
	GlobalSection(SolutionConfigurationPlatforms) = preSolution
		Debug|Any CPU = Debug|Any CPU
		Release|Any CPU = Release|Any CPU
	EndGlobalSection
	GlobalSection(ProjectConfigurationPlatforms) = postSolution
		{2E92C69F-6D59-4430-A017-E4A6E8B916E4}.Debug|Any CPU.ActiveCfg = Debug|Any CPU
		{2E92C69F-6D59-4430-A017-E4A6E8B916E4}.Debug|Any CPU.Build.0 = Debug|Any CPU
		{2E92C69F-6D59-4430-A017-E4A6E8B916E4}.Release|Any CPU.ActiveCfg = Release|Any CPU
		{2E92C69F-6D59-4430-A017-E4A6E8B916E4}.Release|Any CPU.Build.0 = Release|Any CPU
		{487D33E4-F410-49A5-832B-986DF19E1A91}.Debug|Any CPU.ActiveCfg = Debug|Any CPU
		{487D33E4-F410-49A5-832B-986DF19E1A91}.Debug|Any CPU.Build.0 = Debug|Any CPU
		{487D33E4-F410-49A5-832B-986DF19E1A91}.Release|Any CPU.ActiveCfg = Release|Any CPU
		{487D33E4-F410-49A5-832B-986DF19E1A91}.Release|Any CPU.Build.0 = Release|Any CPU
		{5808F29C-C802-4728-99A5-E1F299178002}.Debug|Any CPU.ActiveCfg = Debug|Any CPU
		{5808F29C-C802-4728-99A5-E1F299178002}.Debug|Any CPU.Build.0 = Debug|Any CPU
		{5808F29C-C802-4728-99A5-E1F299178002}.Release|Any CPU.ActiveCfg = Release|Any CPU
		{5808F29C-C802-4728-99A5-E1F299178002}.Release|Any CPU.Build.0 = Release|Any CPU
	EndGlobalSection
	GlobalSection(SolutionProperties) = preSolution
		HideSolutionNode = FALSE
	EndGlobalSection
	GlobalSection(ExtensibilityGlobals) = postSolution
		SolutionGuid = {76EAFF32-6370-4CEC-B045-997C9BD5B7ED}
	EndGlobalSection
EndGlobal
